// !$*UTF8*$!
{
	archiveVersion = 1;
	classes = {
	};
	objectVersion = 52;
	objects = {

/* Begin PBXBuildFile section */
		FE011D2C248D3D720000434F /* AppDelegate.swift in Sources */ = {isa = PBXBuildFile; fileRef = FE011D2B248D3D720000434F /* AppDelegate.swift */; };
		FE011D30248D3D750000434F /* Assets.xcassets in Resources */ = {isa = PBXBuildFile; fileRef = FE011D2F248D3D750000434F /* Assets.xcassets */; };
		FE011D33248D3D750000434F /* Preview Assets.xcassets in Resources */ = {isa = PBXBuildFile; fileRef = FE011D32248D3D750000434F /* Preview Assets.xcassets */; };
		FE011D36248D3D750000434F /* Main.storyboard in Resources */ = {isa = PBXBuildFile; fileRef = FE011D34248D3D750000434F /* Main.storyboard */; };
		FE011D3F248D3F760000434F /* MainViewController.swift in Sources */ = {isa = PBXBuildFile; fileRef = FE011D3E248D3F760000434F /* MainViewController.swift */; };
		FE011D43248D41100000434F /* AuthDataSource.swift in Sources */ = {isa = PBXBuildFile; fileRef = FE011D42248D41100000434F /* AuthDataSource.swift */; };
		FE011D45248D41770000434F /* Auth.swift in Sources */ = {isa = PBXBuildFile; fileRef = FE011D44248D41770000434F /* Auth.swift */; };
		FE011D4B248D43700000434F /* JSONUtilities.swift in Sources */ = {isa = PBXBuildFile; fileRef = FE011D4A248D43700000434F /* JSONUtilities.swift */; };
		FE86CB2F24A8D09F002E615E /* KeychainSwift in Frameworks */ = {isa = PBXBuildFile; productRef = FE86CB2E24A8D09F002E615E /* KeychainSwift */; };
		FE8FB6AA24A8BD6200BBA646 /* SecureStorage.swift in Sources */ = {isa = PBXBuildFile; fileRef = FE8FB6A924A8BD6200BBA646 /* SecureStorage.swift */; };
/* End PBXBuildFile section */

/* Begin PBXFileReference section */
		FE011D28248D3D720000434F /* Tesla-Auth.app */ = {isa = PBXFileReference; explicitFileType = wrapper.application; includeInIndex = 0; path = "Tesla-Auth.app"; sourceTree = BUILT_PRODUCTS_DIR; };
		FE011D2B248D3D720000434F /* AppDelegate.swift */ = {isa = PBXFileReference; lastKnownFileType = sourcecode.swift; path = AppDelegate.swift; sourceTree = "<group>"; };
		FE011D2F248D3D750000434F /* Assets.xcassets */ = {isa = PBXFileReference; lastKnownFileType = folder.assetcatalog; path = Assets.xcassets; sourceTree = "<group>"; };
		FE011D32248D3D750000434F /* Preview Assets.xcassets */ = {isa = PBXFileReference; lastKnownFileType = folder.assetcatalog; path = "Preview Assets.xcassets"; sourceTree = "<group>"; };
		FE011D35248D3D750000434F /* Base */ = {isa = PBXFileReference; lastKnownFileType = file.storyboard; name = Base; path = Base.lproj/Main.storyboard; sourceTree = "<group>"; };
		FE011D37248D3D750000434F /* Info.plist */ = {isa = PBXFileReference; lastKnownFileType = text.plist.xml; path = Info.plist; sourceTree = "<group>"; };
		FE011D38248D3D750000434F /* Tesla_Auth.entitlements */ = {isa = PBXFileReference; lastKnownFileType = text.plist.entitlements; path = Tesla_Auth.entitlements; sourceTree = "<group>"; };
		FE011D3E248D3F760000434F /* MainViewController.swift */ = {isa = PBXFileReference; lastKnownFileType = sourcecode.swift; path = MainViewController.swift; sourceTree = "<group>"; };
		FE011D42248D41100000434F /* AuthDataSource.swift */ = {isa = PBXFileReference; lastKnownFileType = sourcecode.swift; path = AuthDataSource.swift; sourceTree = "<group>"; };
		FE011D44248D41770000434F /* Auth.swift */ = {isa = PBXFileReference; lastKnownFileType = sourcecode.swift; path = Auth.swift; sourceTree = "<group>"; };
		FE011D4A248D43700000434F /* JSONUtilities.swift */ = {isa = PBXFileReference; lastKnownFileType = sourcecode.swift; path = JSONUtilities.swift; sourceTree = "<group>"; };
		FE8FB6A924A8BD6200BBA646 /* SecureStorage.swift */ = {isa = PBXFileReference; lastKnownFileType = sourcecode.swift; path = SecureStorage.swift; sourceTree = "<group>"; };
/* End PBXFileReference section */

/* Begin PBXFrameworksBuildPhase section */
		FE011D25248D3D720000434F /* Frameworks */ = {
			isa = PBXFrameworksBuildPhase;
			buildActionMask = 2147483647;
			files = (
				FE86CB2F24A8D09F002E615E /* KeychainSwift in Frameworks */,
			);
			runOnlyForDeploymentPostprocessing = 0;
		};
/* End PBXFrameworksBuildPhase section */

/* Begin PBXGroup section */
		FE011D1F248D3D720000434F = {
			isa = PBXGroup;
			children = (
				FE011D2A248D3D720000434F /* Tesla-Auth */,
				FE011D29248D3D720000434F /* Products */,
			);
			sourceTree = "<group>";
		};
		FE011D29248D3D720000434F /* Products */ = {
			isa = PBXGroup;
			children = (
				FE011D28248D3D720000434F /* Tesla-Auth.app */,
			);
			name = Products;
			sourceTree = "<group>";
		};
		FE011D2A248D3D720000434F /* Tesla-Auth */ = {
			isa = PBXGroup;
			children = (
				FE011D49248D43630000434F /* Utilities */,
				FE011D46248D417A0000434F /* Models  */,
				FE011D41248D40F00000434F /* Data Sources */,
				FE011D40248D40E50000434F /* View Controllers */,
				FE011D2B248D3D720000434F /* AppDelegate.swift */,
				FE011D2F248D3D750000434F /* Assets.xcassets */,
				FE011D34248D3D750000434F /* Main.storyboard */,
				FE011D37248D3D750000434F /* Info.plist */,
				FE011D38248D3D750000434F /* Tesla_Auth.entitlements */,
				FE011D31248D3D750000434F /* Preview Content */,
			);
			path = "Tesla-Auth";
			sourceTree = "<group>";
		};
		FE011D31248D3D750000434F /* Preview Content */ = {
			isa = PBXGroup;
			children = (
				FE011D32248D3D750000434F /* Preview Assets.xcassets */,
			);
			path = "Preview Content";
			sourceTree = "<group>";
		};
		FE011D40248D40E50000434F /* View Controllers */ = {
			isa = PBXGroup;
			children = (
				FE011D3E248D3F760000434F /* MainViewController.swift */,
			);
			path = "View Controllers";
			sourceTree = "<group>";
		};
		FE011D41248D40F00000434F /* Data Sources */ = {
			isa = PBXGroup;
			children = (
				FE011D42248D41100000434F /* AuthDataSource.swift */,
			);
			path = "Data Sources";
			sourceTree = "<group>";
		};
		FE011D46248D417A0000434F /* Models  */ = {
			isa = PBXGroup;
			children = (
				FE011D44248D41770000434F /* Auth.swift */,
			);
			path = "Models ";
			sourceTree = "<group>";
		};
		FE011D49248D43630000434F /* Utilities */ = {
			isa = PBXGroup;
			children = (
				FE011D4A248D43700000434F /* JSONUtilities.swift */,
				FE8FB6A924A8BD6200BBA646 /* SecureStorage.swift */,
			);
			path = Utilities;
			sourceTree = "<group>";
		};
/* End PBXGroup section */

/* Begin PBXNativeTarget section */
		FE011D27248D3D720000434F /* Tesla-Auth */ = {
			isa = PBXNativeTarget;
			buildConfigurationList = FE011D3B248D3D750000434F /* Build configuration list for PBXNativeTarget "Tesla-Auth" */;
			buildPhases = (
				FE011D24248D3D720000434F /* Sources */,
				FE011D25248D3D720000434F /* Frameworks */,
				FE011D26248D3D720000434F /* Resources */,
			);
			buildRules = (
			);
			dependencies = (
			);
			name = "Tesla-Auth";
			packageProductDependencies = (
				FE86CB2E24A8D09F002E615E /* KeychainSwift */,
			);
			productName = "Tesla-Auth";
			productReference = FE011D28248D3D720000434F /* Tesla-Auth.app */;
			productType = "com.apple.product-type.application";
		};
/* End PBXNativeTarget section */

/* Begin PBXProject section */
		FE011D20248D3D720000434F /* Project object */ = {
			isa = PBXProject;
			attributes = {
				LastSwiftUpdateCheck = 1150;
				LastUpgradeCheck = 1150;
				ORGANIZATIONNAME = "Nick Sparks";
				TargetAttributes = {
					FE011D27248D3D720000434F = {
						CreatedOnToolsVersion = 11.5;
					};
				};
			};
			buildConfigurationList = FE011D23248D3D720000434F /* Build configuration list for PBXProject "Tesla-Auth" */;
			compatibilityVersion = "Xcode 9.3";
			developmentRegion = en;
			hasScannedForEncodings = 0;
			knownRegions = (
				en,
				Base,
			);
			mainGroup = FE011D1F248D3D720000434F;
			packageReferences = (
				FE86CB2D24A8D09F002E615E /* XCRemoteSwiftPackageReference "keychain-swift" */,
			);
			productRefGroup = FE011D29248D3D720000434F /* Products */;
			projectDirPath = "";
			projectRoot = "";
			targets = (
				FE011D27248D3D720000434F /* Tesla-Auth */,
			);
		};
/* End PBXProject section */

/* Begin PBXResourcesBuildPhase section */
		FE011D26248D3D720000434F /* Resources */ = {
			isa = PBXResourcesBuildPhase;
			buildActionMask = 2147483647;
			files = (
				FE011D36248D3D750000434F /* Main.storyboard in Resources */,
				FE011D33248D3D750000434F /* Preview Assets.xcassets in Resources */,
				FE011D30248D3D750000434F /* Assets.xcassets in Resources */,
			);
			runOnlyForDeploymentPostprocessing = 0;
		};
/* End PBXResourcesBuildPhase section */

/* Begin PBXSourcesBuildPhase section */
		FE011D24248D3D720000434F /* Sources */ = {
			isa = PBXSourcesBuildPhase;
			buildActionMask = 2147483647;
			files = (
				FE8FB6AA24A8BD6200BBA646 /* SecureStorage.swift in Sources */,
				FE011D43248D41100000434F /* AuthDataSource.swift in Sources */,
				FE011D2C248D3D720000434F /* AppDelegate.swift in Sources */,
				FE011D4B248D43700000434F /* JSONUtilities.swift in Sources */,
				FE011D3F248D3F760000434F /* MainViewController.swift in Sources */,
				FE011D45248D41770000434F /* Auth.swift in Sources */,
			);
			runOnlyForDeploymentPostprocessing = 0;
		};
/* End PBXSourcesBuildPhase section */

/* Begin PBXVariantGroup section */
		FE011D34248D3D750000434F /* Main.storyboard */ = {
			isa = PBXVariantGroup;
			children = (
				FE011D35248D3D750000434F /* Base */,
			);
			name = Main.storyboard;
			sourceTree = "<group>";
		};
/* End PBXVariantGroup section */

/* Begin XCBuildConfiguration section */
		FE011D39248D3D750000434F /* Debug */ = {
			isa = XCBuildConfiguration;
			buildSettings = {
				ALWAYS_SEARCH_USER_PATHS = NO;
				CLANG_ANALYZER_NONNULL = YES;
				CLANG_ANALYZER_NUMBER_OBJECT_CONVERSION = YES_AGGRESSIVE;
				CLANG_CXX_LANGUAGE_STANDARD = "gnu++14";
				CLANG_CXX_LIBRARY = "libc++";
				CLANG_ENABLE_MODULES = YES;
				CLANG_ENABLE_OBJC_ARC = YES;
				CLANG_ENABLE_OBJC_WEAK = YES;
				CLANG_WARN_BLOCK_CAPTURE_AUTORELEASING = YES;
				CLANG_WARN_BOOL_CONVERSION = YES;
				CLANG_WARN_COMMA = YES;
				CLANG_WARN_CONSTANT_CONVERSION = YES;
				CLANG_WARN_DEPRECATED_OBJC_IMPLEMENTATIONS = YES;
				CLANG_WARN_DIRECT_OBJC_ISA_USAGE = YES_ERROR;
				CLANG_WARN_DOCUMENTATION_COMMENTS = YES;
				CLANG_WARN_EMPTY_BODY = YES;
				CLANG_WARN_ENUM_CONVERSION = YES;
				CLANG_WARN_INFINITE_RECURSION = YES;
				CLANG_WARN_INT_CONVERSION = YES;
				CLANG_WARN_NON_LITERAL_NULL_CONVERSION = YES;
				CLANG_WARN_OBJC_IMPLICIT_RETAIN_SELF = YES;
				CLANG_WARN_OBJC_LITERAL_CONVERSION = YES;
				CLANG_WARN_OBJC_ROOT_CLASS = YES_ERROR;
				CLANG_WARN_RANGE_LOOP_ANALYSIS = YES;
				CLANG_WARN_STRICT_PROTOTYPES = YES;
				CLANG_WARN_SUSPICIOUS_MOVE = YES;
				CLANG_WARN_UNGUARDED_AVAILABILITY = YES_AGGRESSIVE;
				CLANG_WARN_UNREACHABLE_CODE = YES;
				CLANG_WARN__DUPLICATE_METHOD_MATCH = YES;
				COPY_PHASE_STRIP = NO;
				DEBUG_INFORMATION_FORMAT = dwarf;
				ENABLE_STRICT_OBJC_MSGSEND = YES;
				ENABLE_TESTABILITY = YES;
				GCC_C_LANGUAGE_STANDARD = gnu11;
				GCC_DYNAMIC_NO_PIC = NO;
				GCC_NO_COMMON_BLOCKS = YES;
				GCC_OPTIMIZATION_LEVEL = 0;
				GCC_PREPROCESSOR_DEFINITIONS = (
					"DEBUG=1",
					"$(inherited)",
				);
				GCC_WARN_64_TO_32_BIT_CONVERSION = YES;
				GCC_WARN_ABOUT_RETURN_TYPE = YES_ERROR;
				GCC_WARN_UNDECLARED_SELECTOR = YES;
				GCC_WARN_UNINITIALIZED_AUTOS = YES_AGGRESSIVE;
				GCC_WARN_UNUSED_FUNCTION = YES;
				GCC_WARN_UNUSED_VARIABLE = YES;
				MACOSX_DEPLOYMENT_TARGET = 10.15;
				MTL_ENABLE_DEBUG_INFO = INCLUDE_SOURCE;
				MTL_FAST_MATH = YES;
				ONLY_ACTIVE_ARCH = YES;
				SDKROOT = macosx;
				SWIFT_ACTIVE_COMPILATION_CONDITIONS = DEBUG;
				SWIFT_OPTIMIZATION_LEVEL = "-Onone";
			};
			name = Debug;
		};
		FE011D3A248D3D750000434F /* Release */ = {
			isa = XCBuildConfiguration;
			buildSettings = {
				ALWAYS_SEARCH_USER_PATHS = NO;
				CLANG_ANALYZER_NONNULL = YES;
				CLANG_ANALYZER_NUMBER_OBJECT_CONVERSION = YES_AGGRESSIVE;
				CLANG_CXX_LANGUAGE_STANDARD = "gnu++14";
				CLANG_CXX_LIBRARY = "libc++";
				CLANG_ENABLE_MODULES = YES;
				CLANG_ENABLE_OBJC_ARC = YES;
				CLANG_ENABLE_OBJC_WEAK = YES;
				CLANG_WARN_BLOCK_CAPTURE_AUTORELEASING = YES;
				CLANG_WARN_BOOL_CONVERSION = YES;
				CLANG_WARN_COMMA = YES;
				CLANG_WARN_CONSTANT_CONVERSION = YES;
				CLANG_WARN_DEPRECATED_OBJC_IMPLEMENTATIONS = YES;
				CLANG_WARN_DIRECT_OBJC_ISA_USAGE = YES_ERROR;
				CLANG_WARN_DOCUMENTATION_COMMENTS = YES;
				CLANG_WARN_EMPTY_BODY = YES;
				CLANG_WARN_ENUM_CONVERSION = YES;
				CLANG_WARN_INFINITE_RECURSION = YES;
				CLANG_WARN_INT_CONVERSION = YES;
				CLANG_WARN_NON_LITERAL_NULL_CONVERSION = YES;
				CLANG_WARN_OBJC_IMPLICIT_RETAIN_SELF = YES;
				CLANG_WARN_OBJC_LITERAL_CONVERSION = YES;
				CLANG_WARN_OBJC_ROOT_CLASS = YES_ERROR;
				CLANG_WARN_RANGE_LOOP_ANALYSIS = YES;
				CLANG_WARN_STRICT_PROTOTYPES = YES;
				CLANG_WARN_SUSPICIOUS_MOVE = YES;
				CLANG_WARN_UNGUARDED_AVAILABILITY = YES_AGGRESSIVE;
				CLANG_WARN_UNREACHABLE_CODE = YES;
				CLANG_WARN__DUPLICATE_METHOD_MATCH = YES;
				COPY_PHASE_STRIP = NO;
				DEBUG_INFORMATION_FORMAT = "dwarf-with-dsym";
				ENABLE_NS_ASSERTIONS = NO;
				ENABLE_STRICT_OBJC_MSGSEND = YES;
				GCC_C_LANGUAGE_STANDARD = gnu11;
				GCC_NO_COMMON_BLOCKS = YES;
				GCC_WARN_64_TO_32_BIT_CONVERSION = YES;
				GCC_WARN_ABOUT_RETURN_TYPE = YES_ERROR;
				GCC_WARN_UNDECLARED_SELECTOR = YES;
				GCC_WARN_UNINITIALIZED_AUTOS = YES_AGGRESSIVE;
				GCC_WARN_UNUSED_FUNCTION = YES;
				GCC_WARN_UNUSED_VARIABLE = YES;
				MACOSX_DEPLOYMENT_TARGET = 10.15;
				MTL_ENABLE_DEBUG_INFO = NO;
				MTL_FAST_MATH = YES;
				SDKROOT = macosx;
				SWIFT_COMPILATION_MODE = wholemodule;
				SWIFT_OPTIMIZATION_LEVEL = "-O";
			};
			name = Release;
		};
		FE011D3C248D3D750000434F /* Debug */ = {
			isa = XCBuildConfiguration;
			buildSettings = {
				ASSETCATALOG_COMPILER_APPICON_NAME = AppIcon;
				CODE_SIGN_ENTITLEMENTS = "Tesla-Auth/Tesla_Auth.entitlements";
				CODE_SIGN_STYLE = Automatic;
				COMBINE_HIDPI_IMAGES = YES;
				DEVELOPMENT_ASSET_PATHS = "\"Tesla-Auth/Preview Content\"";
				DEVELOPMENT_TEAM = EXG47G6LJ3;
				ENABLE_HARDENED_RUNTIME = YES;
				ENABLE_PREVIEWS = YES;
				INFOPLIST_FILE = "Tesla-Auth/Info.plist";
				LD_RUNPATH_SEARCH_PATHS = (
					"$(inherited)",
					"@executable_path/../Frameworks",
				);
				MACOSX_DEPLOYMENT_TARGET = 10.15;
				PRODUCT_BUNDLE_IDENTIFIER = "chispas.Tesla-Auth";
				PRODUCT_NAME = "$(TARGET_NAME)";
				SWIFT_VERSION = 5.0;
			};
			name = Debug;
		};
		FE011D3D248D3D750000434F /* Release */ = {
			isa = XCBuildConfiguration;
			buildSettings = {
				ASSETCATALOG_COMPILER_APPICON_NAME = AppIcon;
				CODE_SIGN_ENTITLEMENTS = "Tesla-Auth/Tesla_Auth.entitlements";
				CODE_SIGN_STYLE = Automatic;
				COMBINE_HIDPI_IMAGES = YES;
				DEVELOPMENT_ASSET_PATHS = "\"Tesla-Auth/Preview Content\"";
				DEVELOPMENT_TEAM = EXG47G6LJ3;
				ENABLE_HARDENED_RUNTIME = YES;
				ENABLE_PREVIEWS = YES;
				INFOPLIST_FILE = "Tesla-Auth/Info.plist";
				LD_RUNPATH_SEARCH_PATHS = (
					"$(inherited)",
					"@executable_path/../Frameworks",
				);
				MACOSX_DEPLOYMENT_TARGET = 10.15;
				PRODUCT_BUNDLE_IDENTIFIER = "chispas.Tesla-Auth";
				PRODUCT_NAME = "$(TARGET_NAME)";
				SWIFT_VERSION = 5.0;
			};
			name = Release;
		};
/* End XCBuildConfiguration section */

/* Begin XCConfigurationList section */
		FE011D23248D3D720000434F /* Build configuration list for PBXProject "Tesla-Auth" */ = {
			isa = XCConfigurationList;
			buildConfigurations = (
				FE011D39248D3D750000434F /* Debug */,
				FE011D3A248D3D750000434F /* Release */,
			);
			defaultConfigurationIsVisible = 0;
			defaultConfigurationName = Release;
		};
		FE011D3B248D3D750000434F /* Build configuration list for PBXNativeTarget "Tesla-Auth" */ = {
			isa = XCConfigurationList;
			buildConfigurations = (
				FE011D3C248D3D750000434F /* Debug */,
				FE011D3D248D3D750000434F /* Release */,
			);
			defaultConfigurationIsVisible = 0;
			defaultConfigurationName = Release;
		};
/* End XCConfigurationList section */

/* Begin XCRemoteSwiftPackageReference section */
		FE86CB2D24A8D09F002E615E /* XCRemoteSwiftPackageReference "keychain-swift" */ = {
			isa = XCRemoteSwiftPackageReference;
			repositoryURL = "https://github.com/evgenyneu/keychain-swift.git";
			requirement = {
				kind = upToNextMajorVersion;
				minimumVersion = 19.0.0;
			};
		};
/* End XCRemoteSwiftPackageReference section */

/* Begin XCSwiftPackageProductDependency section */
		FE86CB2E24A8D09F002E615E /* KeychainSwift */ = {
			isa = XCSwiftPackageProductDependency;
			package = FE86CB2D24A8D09F002E615E /* XCRemoteSwiftPackageReference "keychain-swift" */;
			productName = KeychainSwift;
		};
/* End XCSwiftPackageProductDependency section */
	};
	rootObject = FE011D20248D3D720000434F /* Project object */;
}
